// !$*UTF8*$!
{
	archiveVersion = 1;
	classes = {
	};
	objectVersion = 46;
	objects = {

/* Begin PBXBuildFile section */
		305385021E4E154E00ED39D0 /* CoreLocation.framework in Frameworks */ = {isa = PBXBuildFile; fileRef = 305385011E4E154E00ED39D0 /* CoreLocation.framework */; };
		3075F6091E64A1760002789D /* logo_zapopan_contorno.jpg in Resources */ = {isa = PBXBuildFile; fileRef = 3075F6081E64A1760002789D /* logo_zapopan_contorno.jpg */; };
		3086B6AC1E2DC7F8003E0978 /* MultaViewController.swift in Sources */ = {isa = PBXBuildFile; fileRef = 3086B6AB1E2DC7F8003E0978 /* MultaViewController.swift */; };
		308E0D271E635FC500DE0F6E /* fondo vertical full hd.jpg in Resources */ = {isa = PBXBuildFile; fileRef = 308E0D261E635FC500DE0F6E /* fondo vertical full hd.jpg */; };
		308E0D291E63AE9800DE0F6E /* icon.png in Resources */ = {isa = PBXBuildFile; fileRef = 308E0D281E63AE9800DE0F6E /* icon.png */; };
		308E0D2B1E63AEA800DE0F6E /* logo_zapopan_bn.jpg in Resources */ = {isa = PBXBuildFile; fileRef = 308E0D2A1E63AEA800DE0F6E /* logo_zapopan_bn.jpg */; };
		3092C8FB1E400D0000F1FF27 /* libsqlite3.tbd in Frameworks */ = {isa = PBXBuildFile; fileRef = 3092C8FA1E400D0000F1FF27 /* libsqlite3.tbd */; };
		3B098DE01E2DB5AD00E4880A /* MenuViewController.swift in Sources */ = {isa = PBXBuildFile; fileRef = 3B098DDF1E2DB5AD00E4880A /* MenuViewController.swift */; };
		3B664FD71E2C830D00A2D5C5 /* AppDelegate.swift in Sources */ = {isa = PBXBuildFile; fileRef = 3B664FD61E2C830D00A2D5C5 /* AppDelegate.swift */; };
		3B664FD91E2C830D00A2D5C5 /* LoginViewController.swift in Sources */ = {isa = PBXBuildFile; fileRef = 3B664FD81E2C830D00A2D5C5 /* LoginViewController.swift */; };
		3B664FDC1E2C830D00A2D5C5 /* Main.storyboard in Resources */ = {isa = PBXBuildFile; fileRef = 3B664FDA1E2C830D00A2D5C5 /* Main.storyboard */; };
		3B664FDE1E2C830D00A2D5C5 /* Assets.xcassets in Resources */ = {isa = PBXBuildFile; fileRef = 3B664FDD1E2C830D00A2D5C5 /* Assets.xcassets */; };
		3B664FE11E2C830D00A2D5C5 /* LaunchScreen.storyboard in Resources */ = {isa = PBXBuildFile; fileRef = 3B664FDF1E2C830D00A2D5C5 /* LaunchScreen.storyboard */; };
		3B664FEC1E2C830D00A2D5C5 /* appOculusTests.swift in Sources */ = {isa = PBXBuildFile; fileRef = 3B664FEB1E2C830D00A2D5C5 /* appOculusTests.swift */; };
		3B664FF71E2C830D00A2D5C5 /* appOculusUITests.swift in Sources */ = {isa = PBXBuildFile; fileRef = 3B664FF61E2C830D00A2D5C5 /* appOculusUITests.swift */; };
		3B6650051E2C869C00A2D5C5 /* ExtGetJson.swift in Sources */ = {isa = PBXBuildFile; fileRef = 3B6650041E2C869C00A2D5C5 /* ExtGetJson.swift */; };
		3B6650071E2C86C700A2D5C5 /* ExtShowAlert.swift in Sources */ = {isa = PBXBuildFile; fileRef = 3B6650061E2C86C700A2D5C5 /* ExtShowAlert.swift */; };
		430FEB7B1E60F96C0068896D /* TablaViewController.swift in Sources */ = {isa = PBXBuildFile; fileRef = 430FEB7A1E60F96C0068896D /* TablaViewController.swift */; };
		433001AD1E429DDF006F21D3 /* Model.xcdatamodeld in Sources */ = {isa = PBXBuildFile; fileRef = 433001AB1E429DDF006F21D3 /* Model.xcdatamodeld */; };
		433001B01E42A673006F21D3 /* CoreData.framework in Frameworks */ = {isa = PBXBuildFile; fileRef = 433001AF1E42A673006F21D3 /* CoreData.framework */; };
		4333A37D1E5BBDEB00186F35 /* ReImprimirViewController.m in Sources */ = {isa = PBXBuildFile; fileRef = 4333A37C1E5BBDEB00186F35 /* ReImprimirViewController.m */; };
		4333A3811E5D04C600186F35 /* CustomObject.m in Sources */ = {isa = PBXBuildFile; fileRef = 4333A3801E5D04C600186F35 /* CustomObject.m */; };
		439CC7BC1E4CD99100AB42F2 /* Reachability.m in Sources */ = {isa = PBXBuildFile; fileRef = 439CC7BB1E4CD99100AB42F2 /* Reachability.m */; };
		439CC7BF1E4CDD2A00AB42F2 /* GlobalMembers.m in Sources */ = {isa = PBXBuildFile; fileRef = 439CC7BE1E4CDD2A00AB42F2 /* GlobalMembers.m */; };
		439CC7C21E4CEC3700AB42F2 /* InternetServices.m in Sources */ = {isa = PBXBuildFile; fileRef = 439CC7C11E4CEC3700AB42F2 /* InternetServices.m */; };
		6359C4D71E43BE0D0082EEE0 /* TomarFotoViewController.m in Sources */ = {isa = PBXBuildFile; fileRef = 6359C4D61E43BE0D0082EEE0 /* TomarFotoViewController.m */; };
		637743BF1E63D44D00DF8EF9 /* imagenVacia.png in Resources */ = {isa = PBXBuildFile; fileRef = 637743BE1E63D44D00DF8EF9 /* imagenVacia.png */; };
		637743C51E64081C00DF8EF9 /* solid-left.png in Resources */ = {isa = PBXBuildFile; fileRef = 637743C41E64081C00DF8EF9 /* solid-left.png */; };
		637743C71E6408C700DF8EF9 /* solid-right.png in Resources */ = {isa = PBXBuildFile; fileRef = 637743C61E6408C700DF8EF9 /* solid-right.png */; };
		637EAAAC1E6DA389008041B8 /* CPLC_PrintViewController.m in Sources */ = {isa = PBXBuildFile; fileRef = 637EAAAB1E6DA389008041B8 /* CPLC_PrintViewController.m */; };
		637EAAB21E70E94C008041B8 /* ViewController.swift in Sources */ = {isa = PBXBuildFile; fileRef = 637EAAB11E70E94C008041B8 /* ViewController.swift */; };
		637EAAB51E70E979008041B8 /* ApiHelper.swift in Sources */ = {isa = PBXBuildFile; fileRef = 637EAAB31E70E979008041B8 /* ApiHelper.swift */; };
		637EAAB61E70E979008041B8 /* ExtToolBar.swift in Sources */ = {isa = PBXBuildFile; fileRef = 637EAAB41E70E979008041B8 /* ExtToolBar.swift */; };
		637EAAB81E70E989008041B8 /* ExtString.swift in Sources */ = {isa = PBXBuildFile; fileRef = 637EAAB71E70E989008041B8 /* ExtString.swift */; };
		637EAABD1E70EBBD008041B8 /* cellPregunta.swift in Sources */ = {isa = PBXBuildFile; fileRef = 637EAABA1E70EBBD008041B8 /* cellPregunta.swift */; };
		637EAABE1E70EBBD008041B8 /* cellPregunta.xib in Resources */ = {isa = PBXBuildFile; fileRef = 637EAABB1E70EBBD008041B8 /* cellPregunta.xib */; };
		637EAABF1E70EBBD008041B8 /* PreguntasVC.swift in Sources */ = {isa = PBXBuildFile; fileRef = 637EAABC1E70EBBD008041B8 /* PreguntasVC.swift */; };
		637EAAC11E70EC6F008041B8 /* Lupa-Azul.png in Resources */ = {isa = PBXBuildFile; fileRef = 637EAAC01E70EC6F008041B8 /* Lupa-Azul.png */; };
		637EAAC31E70EC8C008041B8 /* Ayuda.png in Resources */ = {isa = PBXBuildFile; fileRef = 637EAAC21E70EC8C008041B8 /* Ayuda.png */; };
		E9572F661E4026C500493B55 /* ESCPOS_ViewController.m in Sources */ = {isa = PBXBuildFile; fileRef = E9572F651E4026C500493B55 /* ESCPOS_ViewController.m */; };
		E9572F6A1E40276B00493B55 /* Default-568h@2x.png in Resources */ = {isa = PBXBuildFile; fileRef = E9572F671E40276B00493B55 /* Default-568h@2x.png */; };
		E9572F6C1E40276B00493B55 /* logozapopan.jpg in Resources */ = {isa = PBXBuildFile; fileRef = E9572F691E40276B00493B55 /* logozapopan.jpg */; };
		E9572F741E40280800493B55 /* logo zapopan.jpg in Resources */ = {isa = PBXBuildFile; fileRef = E9572F721E40280800493B55 /* logo zapopan.jpg */; };
		E9572F7D1E402C2B00493B55 /* libPrinter_149.a in Frameworks */ = {isa = PBXBuildFile; fileRef = E9572F7C1E402C2B00493B55 /* libPrinter_149.a */; };
		E9572F7E1E40323000493B55 /* libPrinter_149.a in Resources */ = {isa = PBXBuildFile; fileRef = E9572F7C1E402C2B00493B55 /* libPrinter_149.a */; };
/* End PBXBuildFile section */

/* Begin PBXContainerItemProxy section */
		3B664FE81E2C830D00A2D5C5 /* PBXContainerItemProxy */ = {
			isa = PBXContainerItemProxy;
			containerPortal = 3B664FCB1E2C830C00A2D5C5 /* Project object */;
			proxyType = 1;
			remoteGlobalIDString = 3B664FD21E2C830C00A2D5C5;
			remoteInfo = appOculus;
		};
		3B664FF31E2C830D00A2D5C5 /* PBXContainerItemProxy */ = {
			isa = PBXContainerItemProxy;
			containerPortal = 3B664FCB1E2C830C00A2D5C5 /* Project object */;
			proxyType = 1;
			remoteGlobalIDString = 3B664FD21E2C830C00A2D5C5;
			remoteInfo = appOculus;
		};
/* End PBXContainerItemProxy section */

/* Begin PBXFileReference section */
		305385011E4E154E00ED39D0 /* CoreLocation.framework */ = {isa = PBXFileReference; lastKnownFileType = wrapper.framework; name = CoreLocation.framework; path = System/Library/Frameworks/CoreLocation.framework; sourceTree = SDKROOT; };
		305E9AE31E3C35B4002C0695 /* appOculus-Bridging-Header.h */ = {isa = PBXFileReference; lastKnownFileType = sourcecode.c.h; path = "appOculus-Bridging-Header.h"; sourceTree = "<group>"; };
		3075F6081E64A1760002789D /* logo_zapopan_contorno.jpg */ = {isa = PBXFileReference; lastKnownFileType = image.jpeg; path = logo_zapopan_contorno.jpg; sourceTree = "<group>"; };
		3086B6AB1E2DC7F8003E0978 /* MultaViewController.swift */ = {isa = PBXFileReference; fileEncoding = 4; lastKnownFileType = sourcecode.swift; path = MultaViewController.swift; sourceTree = "<group>"; };
		308E0D261E635FC500DE0F6E /* fondo vertical full hd.jpg */ = {isa = PBXFileReference; lastKnownFileType = image.jpeg; path = "fondo vertical full hd.jpg"; sourceTree = "<group>"; };
		308E0D281E63AE9800DE0F6E /* icon.png */ = {isa = PBXFileReference; lastKnownFileType = image.png; path = icon.png; sourceTree = "<group>"; };
		308E0D2A1E63AEA800DE0F6E /* logo_zapopan_bn.jpg */ = {isa = PBXFileReference; lastKnownFileType = image.jpeg; path = logo_zapopan_bn.jpg; sourceTree = "<group>"; };
		3092C8FA1E400D0000F1FF27 /* libsqlite3.tbd */ = {isa = PBXFileReference; lastKnownFileType = "sourcecode.text-based-dylib-definition"; name = libsqlite3.tbd; path = usr/lib/libsqlite3.tbd; sourceTree = SDKROOT; };
		3B098DDF1E2DB5AD00E4880A /* MenuViewController.swift */ = {isa = PBXFileReference; fileEncoding = 4; lastKnownFileType = sourcecode.swift; path = MenuViewController.swift; sourceTree = "<group>"; };
		3B664FD31E2C830C00A2D5C5 /* appOculus.app */ = {isa = PBXFileReference; explicitFileType = wrapper.application; includeInIndex = 0; path = appOculus.app; sourceTree = BUILT_PRODUCTS_DIR; };
		3B664FD61E2C830D00A2D5C5 /* AppDelegate.swift */ = {isa = PBXFileReference; lastKnownFileType = sourcecode.swift; path = AppDelegate.swift; sourceTree = "<group>"; };
		3B664FD81E2C830D00A2D5C5 /* LoginViewController.swift */ = {isa = PBXFileReference; lastKnownFileType = sourcecode.swift; path = LoginViewController.swift; sourceTree = "<group>"; };
		3B664FDB1E2C830D00A2D5C5 /* Base */ = {isa = PBXFileReference; lastKnownFileType = file.storyboard; name = Base; path = Base.lproj/Main.storyboard; sourceTree = "<group>"; };
		3B664FDD1E2C830D00A2D5C5 /* Assets.xcassets */ = {isa = PBXFileReference; lastKnownFileType = folder.assetcatalog; path = Assets.xcassets; sourceTree = "<group>"; };
		3B664FE01E2C830D00A2D5C5 /* Base */ = {isa = PBXFileReference; lastKnownFileType = file.storyboard; name = Base; path = Base.lproj/LaunchScreen.storyboard; sourceTree = "<group>"; };
		3B664FE21E2C830D00A2D5C5 /* Info.plist */ = {isa = PBXFileReference; lastKnownFileType = text.plist.xml; path = Info.plist; sourceTree = "<group>"; };
		3B664FE71E2C830D00A2D5C5 /* appOculusTests.xctest */ = {isa = PBXFileReference; explicitFileType = wrapper.cfbundle; includeInIndex = 0; path = appOculusTests.xctest; sourceTree = BUILT_PRODUCTS_DIR; };
		3B664FEB1E2C830D00A2D5C5 /* appOculusTests.swift */ = {isa = PBXFileReference; lastKnownFileType = sourcecode.swift; path = appOculusTests.swift; sourceTree = "<group>"; };
		3B664FED1E2C830D00A2D5C5 /* Info.plist */ = {isa = PBXFileReference; lastKnownFileType = text.plist.xml; path = Info.plist; sourceTree = "<group>"; };
		3B664FF21E2C830D00A2D5C5 /* appOculusUITests.xctest */ = {isa = PBXFileReference; explicitFileType = wrapper.cfbundle; includeInIndex = 0; path = appOculusUITests.xctest; sourceTree = BUILT_PRODUCTS_DIR; };
		3B664FF61E2C830D00A2D5C5 /* appOculusUITests.swift */ = {isa = PBXFileReference; lastKnownFileType = sourcecode.swift; path = appOculusUITests.swift; sourceTree = "<group>"; };
		3B664FF81E2C830D00A2D5C5 /* Info.plist */ = {isa = PBXFileReference; lastKnownFileType = text.plist.xml; path = Info.plist; sourceTree = "<group>"; };
		3B6650041E2C869C00A2D5C5 /* ExtGetJson.swift */ = {isa = PBXFileReference; fileEncoding = 4; lastKnownFileType = sourcecode.swift; path = ExtGetJson.swift; sourceTree = "<group>"; };
		3B6650061E2C86C700A2D5C5 /* ExtShowAlert.swift */ = {isa = PBXFileReference; fileEncoding = 4; lastKnownFileType = sourcecode.swift; path = ExtShowAlert.swift; sourceTree = "<group>"; };
		430FEB7A1E60F96C0068896D /* TablaViewController.swift */ = {isa = PBXFileReference; fileEncoding = 4; lastKnownFileType = sourcecode.swift; path = TablaViewController.swift; sourceTree = "<group>"; };
		433001AC1E429DDF006F21D3 /* Model.xcdatamodel */ = {isa = PBXFileReference; lastKnownFileType = wrapper.xcdatamodel; path = Model.xcdatamodel; sourceTree = "<group>"; };
		433001AF1E42A673006F21D3 /* CoreData.framework */ = {isa = PBXFileReference; lastKnownFileType = wrapper.framework; name = CoreData.framework; path = System/Library/Frameworks/CoreData.framework; sourceTree = SDKROOT; };
		4333A37B1E5BBDEB00186F35 /* ReImprimirViewController.h */ = {isa = PBXFileReference; fileEncoding = 4; lastKnownFileType = sourcecode.c.h; path = ReImprimirViewController.h; sourceTree = "<group>"; };
		4333A37C1E5BBDEB00186F35 /* ReImprimirViewController.m */ = {isa = PBXFileReference; fileEncoding = 4; lastKnownFileType = sourcecode.c.objc; path = ReImprimirViewController.m; sourceTree = "<group>"; };
		4333A37F1E5D04C600186F35 /* CustomObject.h */ = {isa = PBXFileReference; fileEncoding = 4; lastKnownFileType = sourcecode.c.h; name = CustomObject.h; path = appOculus/CustomObject.h; sourceTree = "<group>"; };
		4333A3801E5D04C600186F35 /* CustomObject.m */ = {isa = PBXFileReference; fileEncoding = 4; lastKnownFileType = sourcecode.c.objc; name = CustomObject.m; path = appOculus/CustomObject.m; sourceTree = "<group>"; };
		439CC7BA1E4CD99100AB42F2 /* Reachability.h */ = {isa = PBXFileReference; fileEncoding = 4; lastKnownFileType = sourcecode.c.h; path = Reachability.h; sourceTree = "<group>"; };
		439CC7BB1E4CD99100AB42F2 /* Reachability.m */ = {isa = PBXFileReference; fileEncoding = 4; lastKnownFileType = sourcecode.c.objc; path = Reachability.m; sourceTree = "<group>"; };
		439CC7BD1E4CDD2A00AB42F2 /* GlobalMembers.h */ = {isa = PBXFileReference; fileEncoding = 4; lastKnownFileType = sourcecode.c.h; path = GlobalMembers.h; sourceTree = "<group>"; };
		439CC7BE1E4CDD2A00AB42F2 /* GlobalMembers.m */ = {isa = PBXFileReference; fileEncoding = 4; lastKnownFileType = sourcecode.c.objc; path = GlobalMembers.m; sourceTree = "<group>"; };
		439CC7C01E4CEC3700AB42F2 /* InternetServices.h */ = {isa = PBXFileReference; fileEncoding = 4; lastKnownFileType = sourcecode.c.h; path = InternetServices.h; sourceTree = "<group>"; };
		439CC7C11E4CEC3700AB42F2 /* InternetServices.m */ = {isa = PBXFileReference; fileEncoding = 4; lastKnownFileType = sourcecode.c.objc; path = InternetServices.m; sourceTree = "<group>"; };
		6359C4D51E43BE0D0082EEE0 /* TomarFotoViewController.h */ = {isa = PBXFileReference; fileEncoding = 4; lastKnownFileType = sourcecode.c.h; path = TomarFotoViewController.h; sourceTree = "<group>"; };
		6359C4D61E43BE0D0082EEE0 /* TomarFotoViewController.m */ = {isa = PBXFileReference; fileEncoding = 4; lastKnownFileType = sourcecode.c.objc; path = TomarFotoViewController.m; sourceTree = "<group>"; };
		637743BE1E63D44D00DF8EF9 /* imagenVacia.png */ = {isa = PBXFileReference; lastKnownFileType = image.png; path = imagenVacia.png; sourceTree = "<group>"; };
		637743C41E64081C00DF8EF9 /* solid-left.png */ = {isa = PBXFileReference; lastKnownFileType = image.png; path = "solid-left.png"; sourceTree = "<group>"; };
		637743C61E6408C700DF8EF9 /* solid-right.png */ = {isa = PBXFileReference; lastKnownFileType = image.png; path = "solid-right.png"; sourceTree = "<group>"; };
		637EAAAA1E6DA389008041B8 /* CPLC_PrintViewController.h */ = {isa = PBXFileReference; fileEncoding = 4; lastKnownFileType = sourcecode.c.h; path = CPLC_PrintViewController.h; sourceTree = "<group>"; };
		637EAAAB1E6DA389008041B8 /* CPLC_PrintViewController.m */ = {isa = PBXFileReference; fileEncoding = 4; lastKnownFileType = sourcecode.c.objc; path = CPLC_PrintViewController.m; sourceTree = "<group>"; };
		637EAAB11E70E94C008041B8 /* ViewController.swift */ = {isa = PBXFileReference; fileEncoding = 4; lastKnownFileType = sourcecode.swift; path = ViewController.swift; sourceTree = "<group>"; };
		637EAAB31E70E979008041B8 /* ApiHelper.swift */ = {isa = PBXFileReference; fileEncoding = 4; lastKnownFileType = sourcecode.swift; path = ApiHelper.swift; sourceTree = "<group>"; };
		637EAAB41E70E979008041B8 /* ExtToolBar.swift */ = {isa = PBXFileReference; fileEncoding = 4; lastKnownFileType = sourcecode.swift; path = ExtToolBar.swift; sourceTree = "<group>"; };
		637EAAB71E70E989008041B8 /* ExtString.swift */ = {isa = PBXFileReference; fileEncoding = 4; lastKnownFileType = sourcecode.swift; path = ExtString.swift; sourceTree = "<group>"; };
		637EAABA1E70EBBD008041B8 /* cellPregunta.swift */ = {isa = PBXFileReference; fileEncoding = 4; lastKnownFileType = sourcecode.swift; path = cellPregunta.swift; sourceTree = "<group>"; };
		637EAABB1E70EBBD008041B8 /* cellPregunta.xib */ = {isa = PBXFileReference; fileEncoding = 4; lastKnownFileType = file.xib; path = cellPregunta.xib; sourceTree = "<group>"; };
		637EAABC1E70EBBD008041B8 /* PreguntasVC.swift */ = {isa = PBXFileReference; fileEncoding = 4; lastKnownFileType = sourcecode.swift; path = PreguntasVC.swift; sourceTree = "<group>"; };
		637EAAC01E70EC6F008041B8 /* Lupa-Azul.png */ = {isa = PBXFileReference; lastKnownFileType = image.png; path = "Lupa-Azul.png"; sourceTree = "<group>"; };
		637EAAC21E70EC8C008041B8 /* Ayuda.png */ = {isa = PBXFileReference; lastKnownFileType = image.png; path = Ayuda.png; sourceTree = "<group>"; };
		E9572F641E4026C500493B55 /* ESCPOS_ViewController.h */ = {isa = PBXFileReference; fileEncoding = 4; lastKnownFileType = sourcecode.c.h; name = ESCPOS_ViewController.h; path = ../ESCPOS_ViewController.h; sourceTree = "<group>"; };
		E9572F651E4026C500493B55 /* ESCPOS_ViewController.m */ = {isa = PBXFileReference; fileEncoding = 4; lastKnownFileType = sourcecode.c.objc; name = ESCPOS_ViewController.m; path = ../ESCPOS_ViewController.m; sourceTree = "<group>"; };
		E9572F671E40276B00493B55 /* Default-568h@2x.png */ = {isa = PBXFileReference; lastKnownFileType = image.png; path = "Default-568h@2x.png"; sourceTree = "<group>"; };
		E9572F691E40276B00493B55 /* logozapopan.jpg */ = {isa = PBXFileReference; lastKnownFileType = image.jpeg; path = logozapopan.jpg; sourceTree = "<group>"; };
		E9572F721E40280800493B55 /* logo zapopan.jpg */ = {isa = PBXFileReference; lastKnownFileType = image.jpeg; path = "logo zapopan.jpg"; sourceTree = "<group>"; };
		E9572F781E402B7700493B55 /* CallbackData.h */ = {isa = PBXFileReference; fileEncoding = 4; lastKnownFileType = sourcecode.c.h; path = CallbackData.h; sourceTree = "<group>"; };
		E9572F791E402B7700493B55 /* CPCLPrinter.h */ = {isa = PBXFileReference; fileEncoding = 4; lastKnownFileType = sourcecode.c.h; path = CPCLPrinter.h; sourceTree = "<group>"; };
		E9572F7A1E402B7700493B55 /* EABluetoothPort.h */ = {isa = PBXFileReference; fileEncoding = 4; lastKnownFileType = sourcecode.c.h; path = EABluetoothPort.h; sourceTree = "<group>"; };
		E9572F7B1E402B7700493B55 /* ESCPOSPrinter.h */ = {isa = PBXFileReference; fileEncoding = 4; lastKnownFileType = sourcecode.c.h; path = ESCPOSPrinter.h; sourceTree = "<group>"; };
		E9572F7C1E402C2B00493B55 /* libPrinter_149.a */ = {isa = PBXFileReference; lastKnownFileType = archive.ar; path = libPrinter_149.a; sourceTree = "<group>"; };
/* End PBXFileReference section */

/* Begin PBXFrameworksBuildPhase section */
		3B664FD01E2C830C00A2D5C5 /* Frameworks */ = {
			isa = PBXFrameworksBuildPhase;
			buildActionMask = 2147483647;
			files = (
				305385021E4E154E00ED39D0 /* CoreLocation.framework in Frameworks */,
				433001B01E42A673006F21D3 /* CoreData.framework in Frameworks */,
				3092C8FB1E400D0000F1FF27 /* libsqlite3.tbd in Frameworks */,
				E9572F7D1E402C2B00493B55 /* libPrinter_149.a in Frameworks */,
			);
			runOnlyForDeploymentPostprocessing = 0;
		};
		3B664FE41E2C830D00A2D5C5 /* Frameworks */ = {
			isa = PBXFrameworksBuildPhase;
			buildActionMask = 2147483647;
			files = (
			);
			runOnlyForDeploymentPostprocessing = 0;
		};
		3B664FEF1E2C830D00A2D5C5 /* Frameworks */ = {
			isa = PBXFrameworksBuildPhase;
			buildActionMask = 2147483647;
			files = (
			);
			runOnlyForDeploymentPostprocessing = 0;
		};
/* End PBXFrameworksBuildPhase section */

/* Begin PBXGroup section */
		306F71101E2D53A200A60A97 /* images */ = {
			isa = PBXGroup;
			children = (
				637743C41E64081C00DF8EF9 /* solid-left.png */,
				3075F6081E64A1760002789D /* logo_zapopan_contorno.jpg */,
				637743C61E6408C700DF8EF9 /* solid-right.png */,
				308E0D261E635FC500DE0F6E /* fondo vertical full hd.jpg */,
				E9572F721E40280800493B55 /* logo zapopan.jpg */,
				308E0D2A1E63AEA800DE0F6E /* logo_zapopan_bn.jpg */,
				E9572F671E40276B00493B55 /* Default-568h@2x.png */,
				308E0D281E63AE9800DE0F6E /* icon.png */,
				E9572F691E40276B00493B55 /* logozapopan.jpg */,
				637743BE1E63D44D00DF8EF9 /* imagenVacia.png */,
				637EAAC01E70EC6F008041B8 /* Lupa-Azul.png */,
				637EAAC21E70EC8C008041B8 /* Ayuda.png */,
			);
			name = images;
			sourceTree = "<group>";
		};
		3092C8F91E400D0000F1FF27 /* Frameworks */ = {
			isa = PBXGroup;
			children = (
				305385011E4E154E00ED39D0 /* CoreLocation.framework */,
				433001AF1E42A673006F21D3 /* CoreData.framework */,
				3092C8FA1E400D0000F1FF27 /* libsqlite3.tbd */,
			);
			name = Frameworks;
			sourceTree = "<group>";
		};
		3B664FCA1E2C830C00A2D5C5 = {
			isa = PBXGroup;
			children = (
				439CC7B71E4CD91D00AB42F2 /* DB */,
				439CC7B91E4CD96F00AB42F2 /* utilities */,
				439CC7C61E4CED0300AB42F2 /* businessLogic */,
				637EAAB91E70EBA5008041B8 /* Preguntas */,
				306F71101E2D53A200A60A97 /* images */,
				3B664FD51E2C830D00A2D5C5 /* appOculus */,
				3B664FEA1E2C830D00A2D5C5 /* appOculusTests */,
				3B664FF51E2C830D00A2D5C5 /* appOculusUITests */,
				3B664FD41E2C830C00A2D5C5 /* Products */,
				3092C8F91E400D0000F1FF27 /* Frameworks */,
			);
			sourceTree = "<group>";
		};
		3B664FD41E2C830C00A2D5C5 /* Products */ = {
			isa = PBXGroup;
			children = (
				3B664FD31E2C830C00A2D5C5 /* appOculus.app */,
				3B664FE71E2C830D00A2D5C5 /* appOculusTests.xctest */,
				3B664FF21E2C830D00A2D5C5 /* appOculusUITests.xctest */,
			);
			name = Products;
			sourceTree = "<group>";
		};
		3B664FD51E2C830D00A2D5C5 /* appOculus */ = {
			isa = PBXGroup;
			children = (
				3B664FD61E2C830D00A2D5C5 /* AppDelegate.swift */,
				3B664FDA1E2C830D00A2D5C5 /* Main.storyboard */,
				3B664FDF1E2C830D00A2D5C5 /* LaunchScreen.storyboard */,
				3B664FE21E2C830D00A2D5C5 /* Info.plist */,
				439CC7B81E4CD93D00AB42F2 /* ViewControllers */,
				3B664FDD1E2C830D00A2D5C5 /* Assets.xcassets */,
				637EAAB31E70E979008041B8 /* ApiHelper.swift */,
				637EAAB41E70E979008041B8 /* ExtToolBar.swift */,
				3B6650041E2C869C00A2D5C5 /* ExtGetJson.swift */,
				3B6650061E2C86C700A2D5C5 /* ExtShowAlert.swift */,
				637EAAB71E70E989008041B8 /* ExtString.swift */,
				305E9AE31E3C35B4002C0695 /* appOculus-Bridging-Header.h */,
			);
			path = appOculus;
			sourceTree = "<group>";
		};
		3B664FEA1E2C830D00A2D5C5 /* appOculusTests */ = {
			isa = PBXGroup;
			children = (
				3B664FEB1E2C830D00A2D5C5 /* appOculusTests.swift */,
				3B664FED1E2C830D00A2D5C5 /* Info.plist */,
			);
			path = appOculusTests;
			sourceTree = "<group>";
		};
		3B664FF51E2C830D00A2D5C5 /* appOculusUITests */ = {
			isa = PBXGroup;
			children = (
				3B664FF61E2C830D00A2D5C5 /* appOculusUITests.swift */,
				3B664FF81E2C830D00A2D5C5 /* Info.plist */,
			);
			path = appOculusUITests;
			sourceTree = "<group>";
		};
		439CC7B71E4CD91D00AB42F2 /* DB */ = {
			isa = PBXGroup;
			children = (
				433001AB1E429DDF006F21D3 /* Model.xcdatamodeld */,
			);
			name = DB;
			sourceTree = "<group>";
		};
		439CC7B81E4CD93D00AB42F2 /* ViewControllers */ = {
			isa = PBXGroup;
			children = (
				3B664FD81E2C830D00A2D5C5 /* LoginViewController.swift */,
				3B098DDF1E2DB5AD00E4880A /* MenuViewController.swift */,
				3086B6AB1E2DC7F8003E0978 /* MultaViewController.swift */,
				430FEB7A1E60F96C0068896D /* TablaViewController.swift */,
				637EAAB11E70E94C008041B8 /* ViewController.swift */,
				6359C4D51E43BE0D0082EEE0 /* TomarFotoViewController.h */,
				6359C4D61E43BE0D0082EEE0 /* TomarFotoViewController.m */,
				E9572F641E4026C500493B55 /* ESCPOS_ViewController.h */,
				E9572F651E4026C500493B55 /* ESCPOS_ViewController.m */,
				4333A37B1E5BBDEB00186F35 /* ReImprimirViewController.h */,
				4333A37C1E5BBDEB00186F35 /* ReImprimirViewController.m */,
				637EAAAA1E6DA389008041B8 /* CPLC_PrintViewController.h */,
				637EAAAB1E6DA389008041B8 /* CPLC_PrintViewController.m */,
			);
			name = ViewControllers;
			sourceTree = "<group>";
		};
		439CC7B91E4CD96F00AB42F2 /* utilities */ = {
			isa = PBXGroup;
			children = (
				E9572F631E4026B000493B55 /* PrintDeviceOculus */,
				439CC7BA1E4CD99100AB42F2 /* Reachability.h */,
				439CC7BB1E4CD99100AB42F2 /* Reachability.m */,
			);
			name = utilities;
			sourceTree = "<group>";
		};
		439CC7C61E4CED0300AB42F2 /* businessLogic */ = {
			isa = PBXGroup;
			children = (
				439CC7BD1E4CDD2A00AB42F2 /* GlobalMembers.h */,
				439CC7BE1E4CDD2A00AB42F2 /* GlobalMembers.m */,
				439CC7C01E4CEC3700AB42F2 /* InternetServices.h */,
				439CC7C11E4CEC3700AB42F2 /* InternetServices.m */,
				4333A37F1E5D04C600186F35 /* CustomObject.h */,
				4333A3801E5D04C600186F35 /* CustomObject.m */,
			);
			name = businessLogic;
			sourceTree = "<group>";
		};
		637EAAB91E70EBA5008041B8 /* Preguntas */ = {
			isa = PBXGroup;
			children = (
				637EAABA1E70EBBD008041B8 /* cellPregunta.swift */,
				637EAABB1E70EBBD008041B8 /* cellPregunta.xib */,
				637EAABC1E70EBBD008041B8 /* PreguntasVC.swift */,
			);
			name = Preguntas;
			sourceTree = "<group>";
		};
		E9572F631E4026B000493B55 /* PrintDeviceOculus */ = {
			isa = PBXGroup;
			children = (
				E9572F751E402B7700493B55 /* usr */,
				E9572F7C1E402C2B00493B55 /* libPrinter_149.a */,
			);
			name = PrintDeviceOculus;
			sourceTree = "<group>";
		};
		E9572F751E402B7700493B55 /* usr */ = {
			isa = PBXGroup;
			children = (
				E9572F761E402B7700493B55 /* local */,
			);
			path = usr;
			sourceTree = "<group>";
		};
		E9572F761E402B7700493B55 /* local */ = {
			isa = PBXGroup;
			children = (
				E9572F771E402B7700493B55 /* include */,
			);
			path = local;
			sourceTree = "<group>";
		};
		E9572F771E402B7700493B55 /* include */ = {
			isa = PBXGroup;
			children = (
				E9572F781E402B7700493B55 /* CallbackData.h */,
				E9572F791E402B7700493B55 /* CPCLPrinter.h */,
				E9572F7A1E402B7700493B55 /* EABluetoothPort.h */,
				E9572F7B1E402B7700493B55 /* ESCPOSPrinter.h */,
			);
			path = include;
			sourceTree = "<group>";
		};
/* End PBXGroup section */

/* Begin PBXNativeTarget section */
		3B664FD21E2C830C00A2D5C5 /* appOculus */ = {
			isa = PBXNativeTarget;
			buildConfigurationList = 3B664FFB1E2C830D00A2D5C5 /* Build configuration list for PBXNativeTarget "appOculus" */;
			buildPhases = (
				3B664FCF1E2C830C00A2D5C5 /* Sources */,
				3B664FD01E2C830C00A2D5C5 /* Frameworks */,
				3B664FD11E2C830C00A2D5C5 /* Resources */,
			);
			buildRules = (
			);
			dependencies = (
			);
			name = appOculus;
			productName = appOculus;
			productReference = 3B664FD31E2C830C00A2D5C5 /* appOculus.app */;
			productType = "com.apple.product-type.application";
		};
		3B664FE61E2C830D00A2D5C5 /* appOculusTests */ = {
			isa = PBXNativeTarget;
			buildConfigurationList = 3B664FFE1E2C830D00A2D5C5 /* Build configuration list for PBXNativeTarget "appOculusTests" */;
			buildPhases = (
				3B664FE31E2C830D00A2D5C5 /* Sources */,
				3B664FE41E2C830D00A2D5C5 /* Frameworks */,
				3B664FE51E2C830D00A2D5C5 /* Resources */,
			);
			buildRules = (
			);
			dependencies = (
				3B664FE91E2C830D00A2D5C5 /* PBXTargetDependency */,
			);
			name = appOculusTests;
			productName = appOculusTests;
			productReference = 3B664FE71E2C830D00A2D5C5 /* appOculusTests.xctest */;
			productType = "com.apple.product-type.bundle.unit-test";
		};
		3B664FF11E2C830D00A2D5C5 /* appOculusUITests */ = {
			isa = PBXNativeTarget;
			buildConfigurationList = 3B6650011E2C830D00A2D5C5 /* Build configuration list for PBXNativeTarget "appOculusUITests" */;
			buildPhases = (
				3B664FEE1E2C830D00A2D5C5 /* Sources */,
				3B664FEF1E2C830D00A2D5C5 /* Frameworks */,
				3B664FF01E2C830D00A2D5C5 /* Resources */,
			);
			buildRules = (
			);
			dependencies = (
				3B664FF41E2C830D00A2D5C5 /* PBXTargetDependency */,
			);
			name = appOculusUITests;
			productName = appOculusUITests;
			productReference = 3B664FF21E2C830D00A2D5C5 /* appOculusUITests.xctest */;
			productType = "com.apple.product-type.bundle.ui-testing";
		};
/* End PBXNativeTarget section */

/* Begin PBXProject section */
		3B664FCB1E2C830C00A2D5C5 /* Project object */ = {
			isa = PBXProject;
			attributes = {
				LastSwiftUpdateCheck = 0820;
				LastUpgradeCheck = 0820;
				ORGANIZATIONNAME = "Javier Cortes";
				TargetAttributes = {
					3B664FD21E2C830C00A2D5C5 = {
						CreatedOnToolsVersion = 8.2.1;
						DevelopmentTeam = 9ARJR3FTW8;
						LastSwiftMigration = 0820;
						ProvisioningStyle = Automatic;
					};
					3B664FE61E2C830D00A2D5C5 = {
						CreatedOnToolsVersion = 8.2.1;
						DevelopmentTeam = 9ARJR3FTW8;
						ProvisioningStyle = Automatic;
						TestTargetID = 3B664FD21E2C830C00A2D5C5;
					};
					3B664FF11E2C830D00A2D5C5 = {
						CreatedOnToolsVersion = 8.2.1;
						DevelopmentTeam = 9ARJR3FTW8;
						ProvisioningStyle = Automatic;
						TestTargetID = 3B664FD21E2C830C00A2D5C5;
					};
				};
			};
			buildConfigurationList = 3B664FCE1E2C830C00A2D5C5 /* Build configuration list for PBXProject "appOculus" */;
			compatibilityVersion = "Xcode 3.2";
			developmentRegion = English;
			hasScannedForEncodings = 0;
			knownRegions = (
				en,
				Base,
			);
			mainGroup = 3B664FCA1E2C830C00A2D5C5;
			productRefGroup = 3B664FD41E2C830C00A2D5C5 /* Products */;
			projectDirPath = "";
			projectRoot = "";
			targets = (
				3B664FD21E2C830C00A2D5C5 /* appOculus */,
				3B664FE61E2C830D00A2D5C5 /* appOculusTests */,
				3B664FF11E2C830D00A2D5C5 /* appOculusUITests */,
			);
		};
/* End PBXProject section */

/* Begin PBXResourcesBuildPhase section */
		3B664FD11E2C830C00A2D5C5 /* Resources */ = {
			isa = PBXResourcesBuildPhase;
			buildActionMask = 2147483647;
			files = (
				308E0D271E635FC500DE0F6E /* fondo vertical full hd.jpg in Resources */,
				E9572F7E1E40323000493B55 /* libPrinter_149.a in Resources */,
				637743C71E6408C700DF8EF9 /* solid-right.png in Resources */,
				637743C51E64081C00DF8EF9 /* solid-left.png in Resources */,
				637743BF1E63D44D00DF8EF9 /* imagenVacia.png in Resources */,
				E9572F6C1E40276B00493B55 /* logozapopan.jpg in Resources */,
				637EAAC31E70EC8C008041B8 /* Ayuda.png in Resources */,
				637EAABE1E70EBBD008041B8 /* cellPregunta.xib in Resources */,
				3B664FE11E2C830D00A2D5C5 /* LaunchScreen.storyboard in Resources */,
				3B664FDE1E2C830D00A2D5C5 /* Assets.xcassets in Resources */,
				308E0D291E63AE9800DE0F6E /* icon.png in Resources */,
				308E0D2B1E63AEA800DE0F6E /* logo_zapopan_bn.jpg in Resources */,
				637EAAC11E70EC6F008041B8 /* Lupa-Azul.png in Resources */,
				3075F6091E64A1760002789D /* logo_zapopan_contorno.jpg in Resources */,
				E9572F6A1E40276B00493B55 /* Default-568h@2x.png in Resources */,
				3B664FDC1E2C830D00A2D5C5 /* Main.storyboard in Resources */,
				E9572F741E40280800493B55 /* logo zapopan.jpg in Resources */,
			);
			runOnlyForDeploymentPostprocessing = 0;
		};
		3B664FE51E2C830D00A2D5C5 /* Resources */ = {
			isa = PBXResourcesBuildPhase;
			buildActionMask = 2147483647;
			files = (
			);
			runOnlyForDeploymentPostprocessing = 0;
		};
		3B664FF01E2C830D00A2D5C5 /* Resources */ = {
			isa = PBXResourcesBuildPhase;
			buildActionMask = 2147483647;
			files = (
			);
			runOnlyForDeploymentPostprocessing = 0;
		};
/* End PBXResourcesBuildPhase section */

/* Begin PBXSourcesBuildPhase section */
		3B664FCF1E2C830C00A2D5C5 /* Sources */ = {
			isa = PBXSourcesBuildPhase;
			buildActionMask = 2147483647;
			files = (
				637EAABF1E70EBBD008041B8 /* PreguntasVC.swift in Sources */,
				3B098DE01E2DB5AD00E4880A /* MenuViewController.swift in Sources */,
				E9572F661E4026C500493B55 /* ESCPOS_ViewController.m in Sources */,
				637EAAB81E70E989008041B8 /* ExtString.swift in Sources */,
				637EAAAC1E6DA389008041B8 /* CPLC_PrintViewController.m in Sources */,
				439CC7BC1E4CD99100AB42F2 /* Reachability.m in Sources */,
				637EAAB61E70E979008041B8 /* ExtToolBar.swift in Sources */,
				3B664FD91E2C830D00A2D5C5 /* LoginViewController.swift in Sources */,
				6359C4D71E43BE0D0082EEE0 /* TomarFotoViewController.m in Sources */,
				4333A3811E5D04C600186F35 /* CustomObject.m in Sources */,
				439CC7BF1E4CDD2A00AB42F2 /* GlobalMembers.m in Sources */,
				3086B6AC1E2DC7F8003E0978 /* MultaViewController.swift in Sources */,
				637EAAB21E70E94C008041B8 /* ViewController.swift in Sources */,
				433001AD1E429DDF006F21D3 /* Model.xcdatamodeld in Sources */,
				3B664FD71E2C830D00A2D5C5 /* AppDelegate.swift in Sources */,
				637EAAB51E70E979008041B8 /* ApiHelper.swift in Sources */,
				637EAABD1E70EBBD008041B8 /* cellPregunta.swift in Sources */,
				3B6650051E2C869C00A2D5C5 /* ExtGetJson.swift in Sources */,
				3B6650071E2C86C700A2D5C5 /* ExtShowAlert.swift in Sources */,
				439CC7C21E4CEC3700AB42F2 /* InternetServices.m in Sources */,
				4333A37D1E5BBDEB00186F35 /* ReImprimirViewController.m in Sources */,
				430FEB7B1E60F96C0068896D /* TablaViewController.swift in Sources */,
			);
			runOnlyForDeploymentPostprocessing = 0;
		};
		3B664FE31E2C830D00A2D5C5 /* Sources */ = {
			isa = PBXSourcesBuildPhase;
			buildActionMask = 2147483647;
			files = (
				3B664FEC1E2C830D00A2D5C5 /* appOculusTests.swift in Sources */,
			);
			runOnlyForDeploymentPostprocessing = 0;
		};
		3B664FEE1E2C830D00A2D5C5 /* Sources */ = {
			isa = PBXSourcesBuildPhase;
			buildActionMask = 2147483647;
			files = (
				3B664FF71E2C830D00A2D5C5 /* appOculusUITests.swift in Sources */,
			);
			runOnlyForDeploymentPostprocessing = 0;
		};
/* End PBXSourcesBuildPhase section */

/* Begin PBXTargetDependency section */
		3B664FE91E2C830D00A2D5C5 /* PBXTargetDependency */ = {
			isa = PBXTargetDependency;
			target = 3B664FD21E2C830C00A2D5C5 /* appOculus */;
			targetProxy = 3B664FE81E2C830D00A2D5C5 /* PBXContainerItemProxy */;
		};
		3B664FF41E2C830D00A2D5C5 /* PBXTargetDependency */ = {
			isa = PBXTargetDependency;
			target = 3B664FD21E2C830C00A2D5C5 /* appOculus */;
			targetProxy = 3B664FF31E2C830D00A2D5C5 /* PBXContainerItemProxy */;
		};
/* End PBXTargetDependency section */

/* Begin PBXVariantGroup section */
		3B664FDA1E2C830D00A2D5C5 /* Main.storyboard */ = {
			isa = PBXVariantGroup;
			children = (
				3B664FDB1E2C830D00A2D5C5 /* Base */,
			);
			name = Main.storyboard;
			sourceTree = "<group>";
		};
		3B664FDF1E2C830D00A2D5C5 /* LaunchScreen.storyboard */ = {
			isa = PBXVariantGroup;
			children = (
				3B664FE01E2C830D00A2D5C5 /* Base */,
			);
			name = LaunchScreen.storyboard;
			sourceTree = "<group>";
		};
/* End PBXVariantGroup section */

/* Begin XCBuildConfiguration section */
		3B664FF91E2C830D00A2D5C5 /* Debug */ = {
			isa = XCBuildConfiguration;
			buildSettings = {
				ALWAYS_SEARCH_USER_PATHS = NO;
				CLANG_ANALYZER_NONNULL = YES;
				CLANG_CXX_LANGUAGE_STANDARD = "gnu++0x";
				CLANG_CXX_LIBRARY = "libc++";
				CLANG_ENABLE_MODULES = YES;
				CLANG_ENABLE_OBJC_ARC = YES;
				CLANG_WARN_BOOL_CONVERSION = YES;
				CLANG_WARN_CONSTANT_CONVERSION = YES;
				CLANG_WARN_DIRECT_OBJC_ISA_USAGE = YES_ERROR;
				CLANG_WARN_DOCUMENTATION_COMMENTS = YES;
				CLANG_WARN_EMPTY_BODY = YES;
				CLANG_WARN_ENUM_CONVERSION = YES;
				CLANG_WARN_INFINITE_RECURSION = YES;
				CLANG_WARN_INT_CONVERSION = YES;
				CLANG_WARN_OBJC_ROOT_CLASS = YES_ERROR;
				CLANG_WARN_SUSPICIOUS_MOVE = YES;
				CLANG_WARN_UNREACHABLE_CODE = YES;
				CLANG_WARN__DUPLICATE_METHOD_MATCH = YES;
				"CODE_SIGN_IDENTITY[sdk=iphoneos*]" = "iPhone Developer";
				COPY_PHASE_STRIP = NO;
				DEBUG_INFORMATION_FORMAT = dwarf;
				DEVELOPMENT_TEAM = 9ARJR3FTW8;
				ENABLE_STRICT_OBJC_MSGSEND = YES;
				ENABLE_TESTABILITY = YES;
				GCC_C_LANGUAGE_STANDARD = gnu99;
				GCC_DYNAMIC_NO_PIC = NO;
				GCC_NO_COMMON_BLOCKS = YES;
				GCC_OPTIMIZATION_LEVEL = 0;
				GCC_PREPROCESSOR_DEFINITIONS = (
					"DEBUG=1",
					"$(inherited)",
				);
				GCC_WARN_64_TO_32_BIT_CONVERSION = YES;
				GCC_WARN_ABOUT_RETURN_TYPE = YES_ERROR;
				GCC_WARN_UNDECLARED_SELECTOR = YES;
				GCC_WARN_UNINITIALIZED_AUTOS = YES_AGGRESSIVE;
				GCC_WARN_UNUSED_FUNCTION = YES;
				GCC_WARN_UNUSED_VARIABLE = YES;
				IPHONEOS_DEPLOYMENT_TARGET = 9.0;
				MTL_ENABLE_DEBUG_INFO = YES;
				ONLY_ACTIVE_ARCH = YES;
				SDKROOT = iphoneos10.0;
				SWIFT_ACTIVE_COMPILATION_CONDITIONS = DEBUG;
				SWIFT_OPTIMIZATION_LEVEL = "-Onone";
			};
			name = Debug;
		};
		3B664FFA1E2C830D00A2D5C5 /* Release */ = {
			isa = XCBuildConfiguration;
			buildSettings = {
				ALWAYS_SEARCH_USER_PATHS = NO;
				CLANG_ANALYZER_NONNULL = YES;
				CLANG_CXX_LANGUAGE_STANDARD = "gnu++0x";
				CLANG_CXX_LIBRARY = "libc++";
				CLANG_ENABLE_MODULES = YES;
				CLANG_ENABLE_OBJC_ARC = YES;
				CLANG_WARN_BOOL_CONVERSION = YES;
				CLANG_WARN_CONSTANT_CONVERSION = YES;
				CLANG_WARN_DIRECT_OBJC_ISA_USAGE = YES_ERROR;
				CLANG_WARN_DOCUMENTATION_COMMENTS = YES;
				CLANG_WARN_EMPTY_BODY = YES;
				CLANG_WARN_ENUM_CONVERSION = YES;
				CLANG_WARN_INFINITE_RECURSION = YES;
				CLANG_WARN_INT_CONVERSION = YES;
				CLANG_WARN_OBJC_ROOT_CLASS = YES_ERROR;
				CLANG_WARN_SUSPICIOUS_MOVE = YES;
				CLANG_WARN_UNREACHABLE_CODE = YES;
				CLANG_WARN__DUPLICATE_METHOD_MATCH = YES;
				"CODE_SIGN_IDENTITY[sdk=iphoneos*]" = "iPhone Developer";
				COPY_PHASE_STRIP = NO;
				DEBUG_INFORMATION_FORMAT = "dwarf-with-dsym";
				DEVELOPMENT_TEAM = 9ARJR3FTW8;
				ENABLE_NS_ASSERTIONS = NO;
				ENABLE_STRICT_OBJC_MSGSEND = YES;
				GCC_C_LANGUAGE_STANDARD = gnu99;
				GCC_NO_COMMON_BLOCKS = YES;
				GCC_WARN_64_TO_32_BIT_CONVERSION = YES;
				GCC_WARN_ABOUT_RETURN_TYPE = YES_ERROR;
				GCC_WARN_UNDECLARED_SELECTOR = YES;
				GCC_WARN_UNINITIALIZED_AUTOS = YES_AGGRESSIVE;
				GCC_WARN_UNUSED_FUNCTION = YES;
				GCC_WARN_UNUSED_VARIABLE = YES;
				IPHONEOS_DEPLOYMENT_TARGET = 9.0;
				MTL_ENABLE_DEBUG_INFO = NO;
				SDKROOT = iphoneos10.0;
				SWIFT_OPTIMIZATION_LEVEL = "-Owholemodule";
				VALIDATE_PRODUCT = YES;
			};
			name = Release;
		};
		3B664FFC1E2C830D00A2D5C5 /* Debug */ = {
			isa = XCBuildConfiguration;
			buildSettings = {
				ARCHS = "$(ARCHS_STANDARD_32_BIT)";
				ASSETCATALOG_COMPILER_APPICON_NAME = AppIcon;
				CLANG_ENABLE_MODULES = YES;
				CODE_SIGN_IDENTITY = "iPhone Developer";
				DEVELOPMENT_TEAM = 9ARJR3FTW8;
				ENABLE_BITCODE = NO;
				INFOPLIST_FILE = appOculus/Info.plist;
				LD_RUNPATH_SEARCH_PATHS = "$(inherited) @executable_path/Frameworks";
				LIBRARY_SEARCH_PATHS = (
					"$(inherited)",
					"$(PROJECT_DIR)",
				);
				PRODUCT_BUNDLE_IDENTIFIER = cryxo.com.appOculus;
				PRODUCT_NAME = "$(TARGET_NAME)";
				SWIFT_OBJC_BRIDGING_HEADER = "appOculus/appOculus-Bridging-Header.h";
				SWIFT_OPTIMIZATION_LEVEL = "-Onone";
				SWIFT_VERSION = 3.0;
				TARGETED_DEVICE_FAMILY = 1;
			};
			name = Debug;
		};
		3B664FFD1E2C830D00A2D5C5 /* Release */ = {
			isa = XCBuildConfiguration;
			buildSettings = {
				ARCHS = "$(ARCHS_STANDARD_32_BIT)";
				ASSETCATALOG_COMPILER_APPICON_NAME = AppIcon;
				CLANG_ENABLE_MODULES = YES;
				CODE_SIGN_IDENTITY = "iPhone Developer";
				DEVELOPMENT_TEAM = 9ARJR3FTW8;
				ENABLE_BITCODE = NO;
				INFOPLIST_FILE = appOculus/Info.plist;
				LD_RUNPATH_SEARCH_PATHS = "$(inherited) @executable_path/Frameworks";
				LIBRARY_SEARCH_PATHS = (
					"$(inherited)",
					"$(PROJECT_DIR)",
				);
				PRODUCT_BUNDLE_IDENTIFIER = cryxo.com.appOculus;
				PRODUCT_NAME = "$(TARGET_NAME)";
				SWIFT_OBJC_BRIDGING_HEADER = "appOculus/appOculus-Bridging-Header.h";
				SWIFT_VERSION = 3.0;
				TARGETED_DEVICE_FAMILY = 1;
			};
			name = Release;
		};
		3B664FFF1E2C830D00A2D5C5 /* Debug */ = {
			isa = XCBuildConfiguration;
			buildSettings = {
				ALWAYS_EMBED_SWIFT_STANDARD_LIBRARIES = YES;
				BUNDLE_LOADER = "$(TEST_HOST)";
				INFOPLIST_FILE = appOculusTests/Info.plist;
				LD_RUNPATH_SEARCH_PATHS = "$(inherited) @executable_path/Frameworks @loader_path/Frameworks";
				PRODUCT_BUNDLE_IDENTIFIER = runsa.com.appOculusTests;
				PRODUCT_NAME = "$(TARGET_NAME)";
				SWIFT_VERSION = 3.0;
				TEST_HOST = "$(BUILT_PRODUCTS_DIR)/appOculus.app/appOculus";
			};
			name = Debug;
		};
		3B6650001E2C830D00A2D5C5 /* Release */ = {
			isa = XCBuildConfiguration;
			buildSettings = {
				ALWAYS_EMBED_SWIFT_STANDARD_LIBRARIES = YES;
				BUNDLE_LOADER = "$(TEST_HOST)";
				INFOPLIST_FILE = appOculusTests/Info.plist;
				LD_RUNPATH_SEARCH_PATHS = "$(inherited) @executable_path/Frameworks @loader_path/Frameworks";
				PRODUCT_BUNDLE_IDENTIFIER = runsa.com.appOculusTests;
				PRODUCT_NAME = "$(TARGET_NAME)";
				SWIFT_VERSION = 3.0;
				TEST_HOST = "$(BUILT_PRODUCTS_DIR)/appOculus.app/appOculus";
			};
			name = Release;
		};
		3B6650021E2C830D00A2D5C5 /* Debug */ = {
			isa = XCBuildConfiguration;
			buildSettings = {
				ALWAYS_EMBED_SWIFT_STANDARD_LIBRARIES = YES;
				INFOPLIST_FILE = appOculusUITests/Info.plist;
				LD_RUNPATH_SEARCH_PATHS = "$(inherited) @executable_path/Frameworks @loader_path/Frameworks";
				PRODUCT_BUNDLE_IDENTIFIER = runsa.com.appOculusUITests;
				PRODUCT_NAME = "$(TARGET_NAME)";
				SWIFT_VERSION = 3.0;
				TEST_TARGET_NAME = appOculus;
			};
			name = Debug;
		};
		3B6650031E2C830D00A2D5C5 /* Release */ = {
			isa = XCBuildConfiguration;
			buildSettings = {
				ALWAYS_EMBED_SWIFT_STANDARD_LIBRARIES = YES;
				INFOPLIST_FILE = appOculusUITests/Info.plist;
				LD_RUNPATH_SEARCH_PATHS = "$(inherited) @executable_path/Frameworks @loader_path/Frameworks";
				PRODUCT_BUNDLE_IDENTIFIER = runsa.com.appOculusUITests;
				PRODUCT_NAME = "$(TARGET_NAME)";
				SWIFT_VERSION = 3.0;
				TEST_TARGET_NAME = appOculus;
			};
			name = Release;
		};
/* End XCBuildConfiguration section */

/* Begin XCConfigurationList section */
		3B664FCE1E2C830C00A2D5C5 /* Build configuration list for PBXProject "appOculus" */ = {
			isa = XCConfigurationList;
			buildConfigurations = (
				3B664FF91E2C830D00A2D5C5 /* Debug */,
				3B664FFA1E2C830D00A2D5C5 /* Release */,
			);
			defaultConfigurationIsVisible = 0;
			defaultConfigurationName = Release;
		};
		3B664FFB1E2C830D00A2D5C5 /* Build configuration list for PBXNativeTarget "appOculus" */ = {
			isa = XCConfigurationList;
			buildConfigurations = (
				3B664FFC1E2C830D00A2D5C5 /* Debug */,
				3B664FFD1E2C830D00A2D5C5 /* Release */,
			);
			defaultConfigurationIsVisible = 0;
			defaultConfigurationName = Release;
		};
		3B664FFE1E2C830D00A2D5C5 /* Build configuration list for PBXNativeTarget "appOculusTests" */ = {
			isa = XCConfigurationList;
			buildConfigurations = (
				3B664FFF1E2C830D00A2D5C5 /* Debug */,
				3B6650001E2C830D00A2D5C5 /* Release */,
			);
			defaultConfigurationIsVisible = 0;
			defaultConfigurationName = Release;
		};
		3B6650011E2C830D00A2D5C5 /* Build configuration list for PBXNativeTarget "appOculusUITests" */ = {
			isa = XCConfigurationList;
			buildConfigurations = (
				3B6650021E2C830D00A2D5C5 /* Debug */,
				3B6650031E2C830D00A2D5C5 /* Release */,
			);
			defaultConfigurationIsVisible = 0;
			defaultConfigurationName = Release;
		};
/* End XCConfigurationList section */

/* Begin XCVersionGroup section */
		433001AB1E429DDF006F21D3 /* Model.xcdatamodeld */ = {
			isa = XCVersionGroup;
			children = (
				433001AC1E429DDF006F21D3 /* Model.xcdatamodel */,
			);
			currentVersion = 433001AC1E429DDF006F21D3 /* Model.xcdatamodel */;
			path = Model.xcdatamodeld;
			sourceTree = "<group>";
			versionGroupType = wrapper.xcdatamodel;
		};
/* End XCVersionGroup section */
	};
	rootObject = 3B664FCB1E2C830C00A2D5C5 /* Project object */;
}
